Microsoft Visual Studio Solution File, Format Version 12.00
# Visual Studio 2013
VisualStudioVersion = 12.0.40629.0
MinimumVisualStudioVersion = 10.0.40219.1
Project("{FAE04EC0-301F-11D3-BF4B-00C04F79EFBC}") = "DropEm_MonoGame", "DropEm_MonoGame\DropEm_MonoGame.csproj", "{5E03639D-D79F-4F5F-BA1A-0EB8E0106032}"
EndProject
Project("{FAE04EC0-301F-11D3-BF4B-00C04F79EFBC}") = "HATAsset", "HATAsset\HATAsset.csproj", "{6312C2AB-B3FE-47F7-9665-3ADFE1FB2096}"
EndProject
Project("{FAE04EC0-301F-11D3-BF4B-00C04F79EFBC}") = "RageAssetManager", "..\asset-proof-of-concept-demo_CSharp\RageAssetManager\RageAssetManager.csproj", "{DA8E9056-2E52-4029-81EB-A2D167614C47}"
EndProject
Project("{FAE04EC0-301F-11D3-BF4B-00C04F79EFBC}") = "DropEm_Editor", "DropEm_Editor\DropEm_Editor.csproj", "{49E5B194-E478-44EC-A8D7-B2FEBB5E3BEE}"
	ProjectSection(ProjectDependencies) = postProject
		{5E03639D-D79F-4F5F-BA1A-0EB8E0106032} = {5E03639D-D79F-4F5F-BA1A-0EB8E0106032}
		{6312C2AB-B3FE-47F7-9665-3ADFE1FB2096} = {6312C2AB-B3FE-47F7-9665-3ADFE1FB2096}
	EndProjectSection
EndProject
Global
	GlobalSection(SolutionConfigurationPlatforms) = preSolution
		Ad-Hoc|Any CPU = Ad-Hoc|Any CPU
		Ad-Hoc|ARM = Ad-Hoc|ARM
		Ad-Hoc|iPhone = Ad-Hoc|iPhone
		Ad-Hoc|iPhoneSimulator = Ad-Hoc|iPhoneSimulator
		Ad-Hoc|Mixed Platforms = Ad-Hoc|Mixed Platforms
		Ad-Hoc|x86 = Ad-Hoc|x86
		AppStore|Any CPU = AppStore|Any CPU
		AppStore|ARM = AppStore|ARM
		AppStore|iPhone = AppStore|iPhone
		AppStore|iPhoneSimulator = AppStore|iPhoneSimulator
		AppStore|Mixed Platforms = AppStore|Mixed Platforms
		AppStore|x86 = AppStore|x86
		Debug|Any CPU = Debug|Any CPU
		Debug|ARM = Debug|ARM
		Debug|iPhone = Debug|iPhone
		Debug|iPhoneSimulator = Debug|iPhoneSimulator
		Debug|Mixed Platforms = Debug|Mixed Platforms
		Debug|x86 = Debug|x86
		Release|Any CPU = Release|Any CPU
		Release|ARM = Release|ARM
		Release|iPhone = Release|iPhone
		Release|iPhoneSimulator = Release|iPhoneSimulator
		Release|Mixed Platforms = Release|Mixed Platforms
		Release|x86 = Release|x86
	EndGlobalSection
	GlobalSection(ProjectConfigurationPlatforms) = postSolution
		{5E03639D-D79F-4F5F-BA1A-0EB8E0106032}.Ad-Hoc|Any CPU.ActiveCfg = Release|x86
		{5E03639D-D79F-4F5F-BA1A-0EB8E0106032}.Ad-Hoc|ARM.ActiveCfg = Release|x86
		{5E03639D-D79F-4F5F-BA1A-0EB8E0106032}.Ad-Hoc|iPhone.ActiveCfg = Release|x86
		{5E03639D-D79F-4F5F-BA1A-0EB8E0106032}.Ad-Hoc|iPhoneSimulator.ActiveCfg = Release|x86
		{5E03639D-D79F-4F5F-BA1A-0EB8E0106032}.Ad-Hoc|Mixed Platforms.ActiveCfg = Release|x86
		{5E03639D-D79F-4F5F-BA1A-0EB8E0106032}.Ad-Hoc|Mixed Platforms.Build.0 = Release|x86
		{5E03639D-D79F-4F5F-BA1A-0EB8E0106032}.Ad-Hoc|x86.ActiveCfg = Release|x86
		{5E03639D-D79F-4F5F-BA1A-0EB8E0106032}.Ad-Hoc|x86.Build.0 = Release|x86
		{5E03639D-D79F-4F5F-BA1A-0EB8E0106032}.AppStore|Any CPU.ActiveCfg = Release|x86
		{5E03639D-D79F-4F5F-BA1A-0EB8E0106032}.AppStore|ARM.ActiveCfg = Release|x86
		{5E03639D-D79F-4F5F-BA1A-0EB8E0106032}.AppStore|iPhone.ActiveCfg = Release|x86
		{5E03639D-D79F-4F5F-BA1A-0EB8E0106032}.AppStore|iPhoneSimulator.ActiveCfg = Release|x86
		{5E03639D-D79F-4F5F-BA1A-0EB8E0106032}.AppStore|Mixed Platforms.ActiveCfg = Release|x86
		{5E03639D-D79F-4F5F-BA1A-0EB8E0106032}.AppStore|Mixed Platforms.Build.0 = Release|x86
		{5E03639D-D79F-4F5F-BA1A-0EB8E0106032}.AppStore|x86.ActiveCfg = Release|x86
		{5E03639D-D79F-4F5F-BA1A-0EB8E0106032}.AppStore|x86.Build.0 = Release|x86
		{5E03639D-D79F-4F5F-BA1A-0EB8E0106032}.Debug|Any CPU.ActiveCfg = Debug|x86
		{5E03639D-D79F-4F5F-BA1A-0EB8E0106032}.Debug|ARM.ActiveCfg = Debug|x86
		{5E03639D-D79F-4F5F-BA1A-0EB8E0106032}.Debug|iPhone.ActiveCfg = Debug|x86
		{5E03639D-D79F-4F5F-BA1A-0EB8E0106032}.Debug|iPhoneSimulator.ActiveCfg = Debug|x86
		{5E03639D-D79F-4F5F-BA1A-0EB8E0106032}.Debug|Mixed Platforms.ActiveCfg = Debug|x86
		{5E03639D-D79F-4F5F-BA1A-0EB8E0106032}.Debug|Mixed Platforms.Build.0 = Debug|x86
		{5E03639D-D79F-4F5F-BA1A-0EB8E0106032}.Debug|x86.ActiveCfg = Debug|x86
		{5E03639D-D79F-4F5F-BA1A-0EB8E0106032}.Debug|x86.Build.0 = Debug|x86
		{5E03639D-D79F-4F5F-BA1A-0EB8E0106032}.Release|Any CPU.ActiveCfg = Release|x86
		{5E03639D-D79F-4F5F-BA1A-0EB8E0106032}.Release|ARM.ActiveCfg = Release|x86
		{5E03639D-D79F-4F5F-BA1A-0EB8E0106032}.Release|iPhone.ActiveCfg = Release|x86
		{5E03639D-D79F-4F5F-BA1A-0EB8E0106032}.Release|iPhoneSimulator.ActiveCfg = Release|x86
		{5E03639D-D79F-4F5F-BA1A-0EB8E0106032}.Release|Mixed Platforms.ActiveCfg = Release|x86
		{5E03639D-D79F-4F5F-BA1A-0EB8E0106032}.Release|Mixed Platforms.Build.0 = Release|x86
		{5E03639D-D79F-4F5F-BA1A-0EB8E0106032}.Release|x86.ActiveCfg = Release|x86
		{5E03639D-D79F-4F5F-BA1A-0EB8E0106032}.Release|x86.Build.0 = Release|x86
		{6312C2AB-B3FE-47F7-9665-3ADFE1FB2096}.Ad-Hoc|Any CPU.ActiveCfg = Release|Any CPU
		{6312C2AB-B3FE-47F7-9665-3ADFE1FB2096}.Ad-Hoc|Any CPU.Build.0 = Release|Any CPU
		{6312C2AB-B3FE-47F7-9665-3ADFE1FB2096}.Ad-Hoc|ARM.ActiveCfg = Release|Any CPU
		{6312C2AB-B3FE-47F7-9665-3ADFE1FB2096}.Ad-Hoc|iPhone.ActiveCfg = Release|Any CPU
		{6312C2AB-B3FE-47F7-9665-3ADFE1FB2096}.Ad-Hoc|iPhoneSimulator.ActiveCfg = Release|Any CPU
		{6312C2AB-B3FE-47F7-9665-3ADFE1FB2096}.Ad-Hoc|Mixed Platforms.ActiveCfg = Release|Any CPU
		{6312C2AB-B3FE-47F7-9665-3ADFE1FB2096}.Ad-Hoc|Mixed Platforms.Build.0 = Release|Any CPU
		{6312C2AB-B3FE-47F7-9665-3ADFE1FB2096}.Ad-Hoc|x86.ActiveCfg = Release|Any CPU
		{6312C2AB-B3FE-47F7-9665-3ADFE1FB2096}.AppStore|Any CPU.ActiveCfg = Release|Any CPU
		{6312C2AB-B3FE-47F7-9665-3ADFE1FB2096}.AppStore|Any CPU.Build.0 = Release|Any CPU
		{6312C2AB-B3FE-47F7-9665-3ADFE1FB2096}.AppStore|ARM.ActiveCfg = Release|Any CPU
		{6312C2AB-B3FE-47F7-9665-3ADFE1FB2096}.AppStore|iPhone.ActiveCfg = Release|Any CPU
		{6312C2AB-B3FE-47F7-9665-3ADFE1FB2096}.AppStore|iPhoneSimulator.ActiveCfg = Release|Any CPU
		{6312C2AB-B3FE-47F7-9665-3ADFE1FB2096}.AppStore|Mixed Platforms.ActiveCfg = Release|Any CPU
		{6312C2AB-B3FE-47F7-9665-3ADFE1FB2096}.AppStore|Mixed Platforms.Build.0 = Release|Any CPU
		{6312C2AB-B3FE-47F7-9665-3ADFE1FB2096}.AppStore|x86.ActiveCfg = Release|Any CPU
		{6312C2AB-B3FE-47F7-9665-3ADFE1FB2096}.Debug|Any CPU.ActiveCfg = Debug|Any CPU
		{6312C2AB-B3FE-47F7-9665-3ADFE1FB2096}.Debug|Any CPU.Build.0 = Debug|Any CPU
		{6312C2AB-B3FE-47F7-9665-3ADFE1FB2096}.Debug|ARM.ActiveCfg = Debug|Any CPU
		{6312C2AB-B3FE-47F7-9665-3ADFE1FB2096}.Debug|iPhone.ActiveCfg = Debug|Any CPU
		{6312C2AB-B3FE-47F7-9665-3ADFE1FB2096}.Debug|iPhoneSimulator.ActiveCfg = Debug|Any CPU
		{6312C2AB-B3FE-47F7-9665-3ADFE1FB2096}.Debug|Mixed Platforms.ActiveCfg = Debug|Any CPU
		{6312C2AB-B3FE-47F7-9665-3ADFE1FB2096}.Debug|Mixed Platforms.Build.0 = Debug|Any CPU
		{6312C2AB-B3FE-47F7-9665-3ADFE1FB2096}.Debug|x86.ActiveCfg = Debug|Any CPU
		{6312C2AB-B3FE-47F7-9665-3ADFE1FB2096}.Release|Any CPU.ActiveCfg = Release|Any CPU
		{6312C2AB-B3FE-47F7-9665-3ADFE1FB2096}.Release|Any CPU.Build.0 = Release|Any CPU
		{6312C2AB-B3FE-47F7-9665-3ADFE1FB2096}.Release|ARM.ActiveCfg = Release|Any CPU
		{6312C2AB-B3FE-47F7-9665-3ADFE1FB2096}.Release|iPhone.ActiveCfg = Release|Any CPU
		{6312C2AB-B3FE-47F7-9665-3ADFE1FB2096}.Release|iPhoneSimulator.ActiveCfg = Release|Any CPU
		{6312C2AB-B3FE-47F7-9665-3ADFE1FB2096}.Release|Mixed Platforms.ActiveCfg = Release|Any CPU
		{6312C2AB-B3FE-47F7-9665-3ADFE1FB2096}.Release|Mixed Platforms.Build.0 = Release|Any CPU
		{6312C2AB-B3FE-47F7-9665-3ADFE1FB2096}.Release|x86.ActiveCfg = Release|Any CPU
		{DA8E9056-2E52-4029-81EB-A2D167614C47}.Ad-Hoc|Any CPU.ActiveCfg = Release|Any CPU
		{DA8E9056-2E52-4029-81EB-A2D167614C47}.Ad-Hoc|Any CPU.Build.0 = Release|Any CPU
		{DA8E9056-2E52-4029-81EB-A2D167614C47}.Ad-Hoc|ARM.ActiveCfg = Release|Any CPU
		{DA8E9056-2E52-4029-81EB-A2D167614C47}.Ad-Hoc|iPhone.ActiveCfg = Release|Any CPU
		{DA8E9056-2E52-4029-81EB-A2D167614C47}.Ad-Hoc|iPhoneSimulator.ActiveCfg = Release|Any CPU
		{DA8E9056-2E52-4029-81EB-A2D167614C47}.Ad-Hoc|Mixed Platforms.ActiveCfg = Release|Any CPU
		{DA8E9056-2E52-4029-81EB-A2D167614C47}.Ad-Hoc|Mixed Platforms.Build.0 = Release|Any CPU
		{DA8E9056-2E52-4029-81EB-A2D167614C47}.Ad-Hoc|x86.ActiveCfg = Release|Any CPU
		{DA8E9056-2E52-4029-81EB-A2D167614C47}.AppStore|Any CPU.ActiveCfg = Release|Any CPU
		{DA8E9056-2E52-4029-81EB-A2D167614C47}.AppStore|Any CPU.Build.0 = Release|Any CPU
		{DA8E9056-2E52-4029-81EB-A2D167614C47}.AppStore|ARM.ActiveCfg = Release|Any CPU
		{DA8E9056-2E52-4029-81EB-A2D167614C47}.AppStore|iPhone.ActiveCfg = Release|Any CPU
		{DA8E9056-2E52-4029-81EB-A2D167614C47}.AppStore|iPhoneSimulator.ActiveCfg = Release|Any CPU
		{DA8E9056-2E52-4029-81EB-A2D167614C47}.AppStore|Mixed Platforms.ActiveCfg = Release|Any CPU
		{DA8E9056-2E52-4029-81EB-A2D167614C47}.AppStore|Mixed Platforms.Build.0 = Release|Any CPU
		{DA8E9056-2E52-4029-81EB-A2D167614C47}.AppStore|x86.ActiveCfg = Release|Any CPU
		{DA8E9056-2E52-4029-81EB-A2D167614C47}.Debug|Any CPU.ActiveCfg = Debug|Any CPU
		{DA8E9056-2E52-4029-81EB-A2D167614C47}.Debug|Any CPU.Build.0 = Debug|Any CPU
		{DA8E9056-2E52-4029-81EB-A2D167614C47}.Debug|ARM.ActiveCfg = Debug|Any CPU
		{DA8E9056-2E52-4029-81EB-A2D167614C47}.Debug|iPhone.ActiveCfg = Debug|Any CPU
		{DA8E9056-2E52-4029-81EB-A2D167614C47}.Debug|iPhoneSimulator.ActiveCfg = Debug|Any CPU
		{DA8E9056-2E52-4029-81EB-A2D167614C47}.Debug|Mixed Platforms.ActiveCfg = Debug|Any CPU
		{DA8E9056-2E52-4029-81EB-A2D167614C47}.Debug|Mixed Platforms.Build.0 = Debug|Any CPU
		{DA8E9056-2E52-4029-81EB-A2D167614C47}.Debug|x86.ActiveCfg = Debug|Any CPU
		{DA8E9056-2E52-4029-81EB-A2D167614C47}.Release|Any CPU.ActiveCfg = Release|Any CPU
		{DA8E9056-2E52-4029-81EB-A2D167614C47}.Release|Any CPU.Build.0 = Release|Any CPU
		{DA8E9056-2E52-4029-81EB-A2D167614C47}.Release|ARM.ActiveCfg = Release|Any CPU
		{DA8E9056-2E52-4029-81EB-A2D167614C47}.Release|iPhone.ActiveCfg = Release|Any CPU
		{DA8E9056-2E52-4029-81EB-A2D167614C47}.Release|iPhoneSimulator.ActiveCfg = Release|Any CPU
		{DA8E9056-2E52-4029-81EB-A2D167614C47}.Release|Mixed Platforms.ActiveCfg = Release|Any CPU
		{DA8E9056-2E52-4029-81EB-A2D167614C47}.Release|Mixed Platforms.Build.0 = Release|Any CPU
		{DA8E9056-2E52-4029-81EB-A2D167614C47}.Release|x86.ActiveCfg = Release|Any CPU
		{49E5B194-E478-44EC-A8D7-B2FEBB5E3BEE}.Ad-Hoc|Any CPU.ActiveCfg = Release|Any CPU
		{49E5B194-E478-44EC-A8D7-B2FEBB5E3BEE}.Ad-Hoc|Any CPU.Build.0 = Release|Any CPU
		{49E5B194-E478-44EC-A8D7-B2FEBB5E3BEE}.Ad-Hoc|ARM.ActiveCfg = Release|Any CPU
		{49E5B194-E478-44EC-A8D7-B2FEBB5E3BEE}.Ad-Hoc|iPhone.ActiveCfg = Release|Any CPU
		{49E5B194-E478-44EC-A8D7-B2FEBB5E3BEE}.Ad-Hoc|iPhoneSimulator.ActiveCfg = Release|Any CPU
		{49E5B194-E478-44EC-A8D7-B2FEBB5E3BEE}.Ad-Hoc|Mixed Platforms.ActiveCfg = Release|Any CPU
		{49E5B194-E478-44EC-A8D7-B2FEBB5E3BEE}.Ad-Hoc|Mixed Platforms.Build.0 = Release|Any CPU
		{49E5B194-E478-44EC-A8D7-B2FEBB5E3BEE}.Ad-Hoc|x86.ActiveCfg = Release|Any CPU
		{49E5B194-E478-44EC-A8D7-B2FEBB5E3BEE}.AppStore|Any CPU.ActiveCfg = Release|Any CPU
		{49E5B194-E478-44EC-A8D7-B2FEBB5E3BEE}.AppStore|Any CPU.Build.0 = Release|Any CPU
		{49E5B194-E478-44EC-A8D7-B2FEBB5E3BEE}.AppStore|ARM.ActiveCfg = Release|Any CPU
		{49E5B194-E478-44EC-A8D7-B2FEBB5E3BEE}.AppStore|iPhone.ActiveCfg = Release|Any CPU
		{49E5B194-E478-44EC-A8D7-B2FEBB5E3BEE}.AppStore|iPhoneSimulator.ActiveCfg = Release|Any CPU
		{49E5B194-E478-44EC-A8D7-B2FEBB5E3BEE}.AppStore|Mixed Platforms.ActiveCfg = Release|Any CPU
		{49E5B194-E478-44EC-A8D7-B2FEBB5E3BEE}.AppStore|Mixed Platforms.Build.0 = Release|Any CPU
		{49E5B194-E478-44EC-A8D7-B2FEBB5E3BEE}.AppStore|x86.ActiveCfg = Release|Any CPU
		{49E5B194-E478-44EC-A8D7-B2FEBB5E3BEE}.Debug|Any CPU.ActiveCfg = Debug|Any CPU
		{49E5B194-E478-44EC-A8D7-B2FEBB5E3BEE}.Debug|Any CPU.Build.0 = Debug|Any CPU
		{49E5B194-E478-44EC-A8D7-B2FEBB5E3BEE}.Debug|ARM.ActiveCfg = Debug|Any CPU
		{49E5B194-E478-44EC-A8D7-B2FEBB5E3BEE}.Debug|iPhone.ActiveCfg = Debug|Any CPU
		{49E5B194-E478-44EC-A8D7-B2FEBB5E3BEE}.Debug|iPhoneSimulator.ActiveCfg = Debug|Any CPU
		{49E5B194-E478-44EC-A8D7-B2FEBB5E3BEE}.Debug|Mixed Platforms.ActiveCfg = Debug|Any CPU
		{49E5B194-E478-44EC-A8D7-B2FEBB5E3BEE}.Debug|Mixed Platforms.Build.0 = Debug|Any CPU
		{49E5B194-E478-44EC-A8D7-B2FEBB5E3BEE}.Debug|x86.ActiveCfg = Debug|Any CPU
		{49E5B194-E478-44EC-A8D7-B2FEBB5E3BEE}.Release|Any CPU.ActiveCfg = Release|Any CPU
		{49E5B194-E478-44EC-A8D7-B2FEBB5E3BEE}.Release|Any CPU.Build.0 = Release|Any CPU
		{49E5B194-E478-44EC-A8D7-B2FEBB5E3BEE}.Release|ARM.ActiveCfg = Release|Any CPU
		{49E5B194-E478-44EC-A8D7-B2FEBB5E3BEE}.Release|iPhone.ActiveCfg = Release|Any CPU
		{49E5B194-E478-44EC-A8D7-B2FEBB5E3BEE}.Release|iPhoneSimulator.ActiveCfg = Release|Any CPU
		{49E5B194-E478-44EC-A8D7-B2FEBB5E3BEE}.Release|Mixed Platforms.ActiveCfg = Release|Any CPU
		{49E5B194-E478-44EC-A8D7-B2FEBB5E3BEE}.Release|Mixed Platforms.Build.0 = Release|Any CPU
		{49E5B194-E478-44EC-A8D7-B2FEBB5E3BEE}.Release|x86.ActiveCfg = Release|Any CPU
	EndGlobalSection
	GlobalSection(SolutionProperties) = preSolution
		HideSolutionNode = FALSE
	EndGlobalSection
EndGlobal
